dependencies:
- name: aissemble-spark-history-chart
  repository: oci://ghcr.io/boozallen
  version: 1.10.0
- name: aissemble-hive-metastore-service-chart
  repository: oci://ghcr.io/boozallen
  version: 1.10.0
digest: sha256:763cb2ee88b9f1ac15d8426e6297053b299dbbaddfe551ae3cbc772044784b37
generated: "2025-01-22T10:29:38.174003016-05:00"
